// !$*UTF8*$!
{
	archiveVersion = 1;
	classes = {
	};
	objectVersion = 48;
	objects = {

/* Begin PBXBuildFile section */
		8DFAB9B41FD2F99900DEE3DC /* AppDelegate.m in Sources */ = {isa = PBXBuildFile; fileRef = 8DFAB9B31FD2F99900DEE3DC /* AppDelegate.m */; };
		8DFAB9B71FD2F99900DEE3DC /* ViewController.m in Sources */ = {isa = PBXBuildFile; fileRef = 8DFAB9B61FD2F99900DEE3DC /* ViewController.m */; };
		8DFAB9BA1FD2F99900DEE3DC /* Main.storyboard in Resources */ = {isa = PBXBuildFile; fileRef = 8DFAB9B81FD2F99900DEE3DC /* Main.storyboard */; };
		8DFAB9BC1FD2F99900DEE3DC /* Assets.xcassets in Resources */ = {isa = PBXBuildFile; fileRef = 8DFAB9BB1FD2F99900DEE3DC /* Assets.xcassets */; };
		8DFAB9BF1FD2F99900DEE3DC /* LaunchScreen.storyboard in Resources */ = {isa = PBXBuildFile; fileRef = 8DFAB9BD1FD2F99900DEE3DC /* LaunchScreen.storyboard */; };
		8DFAB9C21FD2F99900DEE3DC /* main.m in Sources */ = {isa = PBXBuildFile; fileRef = 8DFAB9C11FD2F99900DEE3DC /* main.m */; };
		8DFAB9CA1FD2FA1E00DEE3DC /* UIView+Tool.m in Sources */ = {isa = PBXBuildFile; fileRef = 8DFAB9C91FD2FA1E00DEE3DC /* UIView+Tool.m */; };
/* End PBXBuildFile section */

/* Begin PBXFileReference section */
		8DFAB9AF1FD2F99900DEE3DC /* JJAnimation_demo2.app */ = {isa = PBXFileReference; explicitFileType = wrapper.application; includeInIndex = 0; path = JJAnimation_demo2.app; sourceTree = BUILT_PRODUCTS_DIR; };
		8DFAB9B21FD2F99900DEE3DC /* AppDelegate.h */ = {isa = PBXFileReference; lastKnownFileType = sourcecode.c.h; path = AppDelegate.h; sourceTree = "<group>"; };
		8DFAB9B31FD2F99900DEE3DC /* AppDelegate.m */ = {isa = PBXFileReference; lastKnownFileType = sourcecode.c.objc; path = AppDelegate.m; sourceTree = "<group>"; };
		8DFAB9B51FD2F99900DEE3DC /* ViewController.h */ = {isa = PBXFileReference; lastKnownFileType = sourcecode.c.h; path = ViewController.h; sourceTree = "<group>"; };
		8DFAB9B61FD2F99900DEE3DC /* ViewController.m */ = {isa = PBXFileReference; lastKnownFileType = sourcecode.c.objc; path = ViewController.m; sourceTree = "<group>"; };
		8DFAB9B91FD2F99900DEE3DC /* Base */ = {isa = PBXFileReference; lastKnownFileType = file.storyboard; name = Base; path = Base.lproj/Main.storyboard; sourceTree = "<group>"; };
		8DFAB9BB1FD2F99900DEE3DC /* Assets.xcassets */ = {isa = PBXFileReference; lastKnownFileType = folder.assetcatalog; path = Assets.xcassets; sourceTree = "<group>"; };
		8DFAB9BE1FD2F99900DEE3DC /* Base */ = {isa = PBXFileReference; lastKnownFileType = file.storyboard; name = Base; path = Base.lproj/LaunchScreen.storyboard; sourceTree = "<group>"; };
		8DFAB9C01FD2F99900DEE3DC /* Info.plist */ = {isa = PBXFileReference; lastKnownFileType = text.plist.xml; path = Info.plist; sourceTree = "<group>"; };
		8DFAB9C11FD2F99900DEE3DC /* main.m */ = {isa = PBXFileReference; lastKnownFileType = sourcecode.c.objc; path = main.m; sourceTree = "<group>"; };
		8DFAB9C81FD2FA1D00DEE3DC /* UIView+Tool.h */ = {isa = PBXFileReference; lastKnownFileType = sourcecode.c.h; path = "UIView+Tool.h"; sourceTree = "<group>"; };
		8DFAB9C91FD2FA1E00DEE3DC /* UIView+Tool.m */ = {isa = PBXFileReference; lastKnownFileType = sourcecode.c.objc; path = "UIView+Tool.m"; sourceTree = "<group>"; };
/* End PBXFileReference section */

/* Begin PBXFrameworksBuildPhase section */
		8DFAB9AC1FD2F99900DEE3DC /* Frameworks */ = {
			isa = PBXFrameworksBuildPhase;
			buildActionMask = 2147483647;
			files = (
			);
			runOnlyForDeploymentPostprocessing = 0;
		};
/* End PBXFrameworksBuildPhase section */

/* Begin PBXGroup section */
		8DFAB9A61FD2F99900DEE3DC = {
			isa = PBXGroup;
			children = (
				8DFAB9B11FD2F99900DEE3DC /* JJAnimation_demo2 */,
				8DFAB9B01FD2F99900DEE3DC /* Products */,
			);
			sourceTree = "<group>";
		};
		8DFAB9B01FD2F99900DEE3DC /* Products */ = {
			isa = PBXGroup;
			children = (
				8DFAB9AF1FD2F99900DEE3DC /* JJAnimation_demo2.app */,
			);
			name = Products;
			sourceTree = "<group>";
		};
		8DFAB9B11FD2F99900DEE3DC /* JJAnimation_demo2 */ = {
			isa = PBXGroup;
			children = (
				8DFAB9B21FD2F99900DEE3DC /* AppDelegate.h */,
				8DFAB9B31FD2F99900DEE3DC /* AppDelegate.m */,
				8DFAB9B51FD2F99900DEE3DC /* ViewController.h */,
				8DFAB9B61FD2F99900DEE3DC /* ViewController.m */,
				8DFAB9C81FD2FA1D00DEE3DC /* UIView+Tool.h */,
				8DFAB9C91FD2FA1E00DEE3DC /* UIView+Tool.m */,
				8DFAB9B81FD2F99900DEE3DC /* Main.storyboard */,
				8DFAB9BB1FD2F99900DEE3DC /* Assets.xcassets */,
				8DFAB9BD1FD2F99900DEE3DC /* LaunchScreen.storyboard */,
				8DFAB9C01FD2F99900DEE3DC /* Info.plist */,
				8DFAB9C11FD2F99900DEE3DC /* main.m */,
			);
			path = JJAnimation_demo2;
			sourceTree = "<group>";
		};
/* End PBXGroup section */

/* Begin PBXNativeTarget section */
		8DFAB9AE1FD2F99900DEE3DC /* JJAnimation_demo2 */ = {
			isa = PBXNativeTarget;
			buildConfigurationList = 8DFAB9C51FD2F99900DEE3DC /* Build configuration list for PBXNativeTarget "JJAnimation_demo2" */;
			buildPhases = (
				8DFAB9AB1FD2F99900DEE3DC /* Sources */,
				8DFAB9AC1FD2F99900DEE3DC /* Frameworks */,
				8DFAB9AD1FD2F99900DEE3DC /* Resources */,
			);
			buildRules = (
			);
			dependencies = (
			);
			name = JJAnimation_demo2;
			productName = JJAnimation_demo2;
			productReference = 8DFAB9AF1FD2F99900DEE3DC /* JJAnimation_demo2.app */;
			productType = "com.apple.product-type.application";
		};
/* End PBXNativeTarget section */

/* Begin PBXProject section */
		8DFAB9A71FD2F99900DEE3DC /* Project object */ = {
			isa = PBXProject;
			attributes = {
				LastUpgradeCheck = 0900;
				ORGANIZATIONNAME = com.daoKeLegend;
				TargetAttributes = {
					8DFAB9AE1FD2F99900DEE3DC = {
						CreatedOnToolsVersion = 9.0;
						ProvisioningStyle = Automatic;
					};
				};
			};
			buildConfigurationList = 8DFAB9AA1FD2F99900DEE3DC /* Build configuration list for PBXProject "JJAnimation_demo2" */;
			compatibilityVersion = "Xcode 8.0";
			developmentRegion = en;
			hasScannedForEncodings = 0;
			knownRegions = (
				en,
				Base,
			);
			mainGroup = 8DFAB9A61FD2F99900DEE3DC;
			productRefGroup = 8DFAB9B01FD2F99900DEE3DC /* Products */;
			projectDirPath = "";
			projectRoot = "";
			targets = (
				8DFAB9AE1FD2F99900DEE3DC /* JJAnimation_demo2 */,
			);
		};
/* End PBXProject section */

/* Begin PBXResourcesBuildPhase section */
		8DFAB9AD1FD2F99900DEE3DC /* Resources */ = {
			isa = PBXResourcesBuildPhase;
			buildActionMask = 2147483647;
			files = (
				8DFAB9BF1FD2F99900DEE3DC /* LaunchScreen.storyboard in Resources */,
				8DFAB9BC1FD2F99900DEE3DC /* Assets.xcassets in Resources */,
				8DFAB9BA1FD2F99900DEE3DC /* Main.storyboard in Resources */,
			);
			runOnlyForDeploymentPostprocessing = 0;
		};
/* End PBXResourcesBuildPhase section */

/* Begin PBXSourcesBuildPhase section */
		8DFAB9AB1FD2F99900DEE3DC /* Sources */ = {
			isa = PBXSourcesBuildPhase;
			buildActionMask = 2147483647;
			files = (
				8DFAB9B71FD2F99900DEE3DC /* ViewController.m in Sources */,
				8DFAB9C21FD2F99900DEE3DC /* main.m in Sources */,
				8DFAB9CA1FD2FA1E00DEE3DC /* UIView+Tool.m in Sources */,
				8DFAB9B41FD2F99900DEE3DC /* AppDelegate.m in Sources */,
			);
			runOnlyForDeploymentPostprocessing = 0;
		};
/* End PBXSourcesBuildPhase section */

/* Begin PBXVariantGroup section */
		8DFAB9B81FD2F99900DEE3DC /* Main.storyboard */ = {
			isa = PBXVariantGroup;
			children = (
				8DFAB9B91FD2F99900DEE3DC /* Base */,
			);
			name = Main.storyboard;
			sourceTree = "<group>";
		};
		8DFAB9BD1FD2F99900DEE3DC /* LaunchScreen.storyboard */ = {
			isa = PBXVariantGroup;
			children = (
				8DFAB9BE1FD2F99900DEE3DC /* Base */,
			);
			name = LaunchScreen.storyboard;
			sourceTree = "<group>";
		};
/* End PBXVariantGroup section */

/* Begin XCBuildConfiguration section */
		8DFAB9C31FD2F99900DEE3DC /* Debug */ = {
			isa = XCBuildConfiguration;
			buildSettings = {
				ALWAYS_SEARCH_USER_PATHS = NO;
				CLANG_ANALYZER_NONNULL = YES;
				CLANG_ANALYZER_NUMBER_OBJECT_CONVERSION = YES_AGGRESSIVE;
				CLANG_CXX_LANGUAGE_STANDARD = "gnu++14";
				CLANG_CXX_LIBRARY = "libc++";
				CLANG_ENABLE_MODULES = YES;
				CLANG_ENABLE_OBJC_ARC = YES;
				CLANG_WARN_BLOCK_CAPTURE_AUTORELEASING = YES;
				CLANG_WARN_BOOL_CONVERSION = YES;
				CLANG_WARN_COMMA = YES;
				CLANG_WARN_CONSTANT_CONVERSION = YES;
				CLANG_WARN_DIRECT_OBJC_ISA_USAGE = YES_ERROR;
				CLANG_WARN_DOCUMENTATION_COMMENTS = YES;
				CLANG_WARN_EMPTY_BODY = YES;
				CLANG_WARN_ENUM_CONVERSION = YES;
				CLANG_WARN_INFINITE_RECURSION = YES;
				CLANG_WARN_INT_CONVERSION = YES;
				CLANG_WARN_NON_LITERAL_NULL_CONVERSION = YES;
				CLANG_WARN_OBJC_LITERAL_CONVERSION = YES;
				CLANG_WARN_OBJC_ROOT_CLASS = YES_ERROR;
				CLANG_WARN_RANGE_LOOP_ANALYSIS = YES;
				CLANG_WARN_STRICT_PROTOTYPES = YES;
				CLANG_WARN_SUSPICIOUS_MOVE = YES;
				CLANG_WARN_UNGUARDED_AVAILABILITY = YES_AGGRESSIVE;
				CLANG_WARN_UNREACHABLE_CODE = YES;
				CLANG_WARN__DUPLICATE_METHOD_MATCH = YES;
				CODE_SIGN_IDENTITY = "iPhone Developer";
				COPY_PHASE_STRIP = NO;
				DEBUG_INFORMATION_FORMAT = dwarf;
				ENABLE_STRICT_OBJC_MSGSEND = YES;
				ENABLE_TESTABILITY = YES;
				GCC_C_LANGUAGE_STANDARD = gnu11;
				GCC_DYNAMIC_NO_PIC = NO;
				GCC_NO_COMMON_BLOCKS = YES;
				GCC_OPTIMIZATION_LEVEL = 0;
				GCC_PREPROCESSOR_DEFINITIONS = (
					"DEBUG=1",
					"$(inherited)",
				);
				GCC_WARN_64_TO_32_BIT_CONVERSION = YES;
				GCC_WARN_ABOUT_RETURN_TYPE = YES_ERROR;
				GCC_WARN_UNDECLARED_SELECTOR = YES;
				GCC_WARN_UNINITIALIZED_AUTOS = YES_AGGRESSIVE;
				GCC_WARN_UNUSED_FUNCTION = YES;
				GCC_WARN_UNUSED_VARIABLE = YES;
				IPHONEOS_DEPLOYMENT_TARGET = 11.0;
				MTL_ENABLE_DEBUG_INFO = YES;
				ONLY_ACTIVE_ARCH = YES;
				SDKROOT = iphoneos;
			};
			name = Debug;
		};
		8DFAB9C41FD2F99900DEE3DC /* Release */ = {
			isa = XCBuildConfiguration;
			buildSettings = {
				ALWAYS_SEARCH_USER_PATHS = NO;
				CLANG_ANALYZER_NONNULL = YES;
				CLANG_ANALYZER_NUMBER_OBJECT_CONVERSION = YES_AGGRESSIVE;
				CLANG_CXX_LANGUAGE_STANDARD = "gnu++14";
				CLANG_CXX_LIBRARY = "libc++";
				CLANG_ENABLE_MODULES = YES;
				CLANG_ENABLE_OBJC_ARC = YES;
				CLANG_WARN_BLOCK_CAPTURE_AUTORELEASING = YES;
				CLANG_WARN_BOOL_CONVERSION = YES;
				CLANG_WARN_COMMA = YES;
				CLANG_WARN_CONSTANT_CONVERSION = YES;
				CLANG_WARN_DIRECT_OBJC_ISA_USAGE = YES_ERROR;
				CLANG_WARN_DOCUMENTATION_COMMENTS = YES;
				CLANG_WARN_EMPTY_BODY = YES;
				CLANG_WARN_ENUM_CONVERSION = YES;
				CLANG_WARN_INFINITE_RECURSION = YES;
				CLANG_WARN_INT_CONVERSION = YES;
				CLANG_WARN_NON_LITERAL_NULL_CONVERSION = YES;
				CLANG_WARN_OBJC_LITERAL_CONVERSION = YES;
				CLANG_WARN_OBJC_ROOT_CLASS = YES_ERROR;
				CLANG_WARN_RANGE_LOOP_ANALYSIS = YES;
				CLANG_WARN_STRICT_PROTOTYPES = YES;
				CLANG_WARN_SUSPICIOUS_MOVE = YES;
				CLANG_WARN_UNGUARDED_AVAILABILITY = YES_AGGRESSIVE;
				CLANG_WARN_UNREACHABLE_CODE = YES;
				CLANG_WARN__DUPLICATE_METHOD_MATCH = YES;
				CODE_SIGN_IDENTITY = "iPhone Developer";
				COPY_PHASE_STRIP = NO;
				DEBUG_INFORMATION_FORMAT = "dwarf-with-dsym";
				ENABLE_NS_ASSERTIONS = NO;
				ENABLE_STRICT_OBJC_MSGSEND = YES;
				GCC_C_LANGUAGE_STANDARD = gnu11;
				GCC_NO_COMMON_BLOCKS = YES;
				GCC_WARN_64_TO_32_BIT_CONVERSION = YES;
				GCC_WARN_ABOUT_RETURN_TYPE = YES_ERROR;
				GCC_WARN_UNDECLARED_SELECTOR = YES;
				GCC_WARN_UNINITIALIZED_AUTOS = YES_AGGRESSIVE;
				GCC_WARN_UNUSED_FUNCTION = YES;
				GCC_WARN_UNUSED_VARIABLE = YES;
				IPHONEOS_DEPLOYMENT_TARGET = 11.0;
				MTL_ENABLE_DEBUG_INFO = NO;
				SDKROOT = iphoneos;
				VALIDATE_PRODUCT = YES;
			};
			name = Release;
		};
		8DFAB9C61FD2F99900DEE3DC /* Debug */ = {
			isa = XCBuildConfiguration;
			buildSettings = {
				ASSETCATALOG_COMPILER_APPICON_NAME = AppIcon;
				CODE_SIGN_STYLE = Automatic;
				DEVELOPMENT_TEAM = 48E3LB8PD7;
				INFOPLIST_FILE = JJAnimation_demo2/Info.plist;
				LD_RUNPATH_SEARCH_PATHS = "$(inherited) @executable_path/Frameworks";
				PRODUCT_BUNDLE_IDENTIFIER = "com.daoKeLegend.cn.JJAnimation-demo2";
				PRODUCT_NAME = "$(TARGET_NAME)";
				TARGETED_DEVICE_FAMILY = "1,2";
			};
			name = Debug;
		};
		8DFAB9C71FD2F99900DEE3DC /* Release */ = {
			isa = XCBuildConfiguration;
			buildSettings = {
				ASSETCATALOG_COMPILER_APPICON_NAME = AppIcon;
				CODE_SIGN_STYLE = Automatic;
				DEVELOPMENT_TEAM = 48E3LB8PD7;
				INFOPLIST_FILE = JJAnimation_demo2/Info.plist;
				LD_RUNPATH_SEARCH_PATHS = "$(inherited) @executable_path/Frameworks";
				PRODUCT_BUNDLE_IDENTIFIER = "com.daoKeLegend.cn.JJAnimation-demo2";
				PRODUCT_NAME = "$(TARGET_NAME)";
				TARGETED_DEVICE_FAMILY = "1,2";
			};
			name = Release;
		};
/* End XCBuildConfiguration section */

/* Begin XCConfigurationList section */
		8DFAB9AA1FD2F99900DEE3DC /* Build configuration list for PBXProject "JJAnimation_demo2" */ = {
			isa = XCConfigurationList;
			buildConfigurations = (
				8DFAB9C31FD2F99900DEE3DC /* Debug */,
				8DFAB9C41FD2F99900DEE3DC /* Release */,
			);
			defaultConfigurationIsVisible = 0;
			defaultConfigurationName = Release;
		};
		8DFAB9C51FD2F99900DEE3DC /* Build configuration list for PBXNativeTarget "JJAnimation_demo2" */ = {
			isa = XCConfigurationList;
			buildConfigurations = (
				8DFAB9C61FD2F99900DEE3DC /* Debug */,
				8DFAB9C71FD2F99900DEE3DC /* Release */,
			);
			defaultConfigurationIsVisible = 0;
			defaultConfigurationName = Release;
		};
/* End XCConfigurationList section */
	};
	rootObject = 8DFAB9A71FD2F99900DEE3DC /* Project object */;
}
